// !$*UTF8*$!
{
	archiveVersion = 1;
	classes = {
	};
	objectVersion = 55;
	objects = {

/* Begin PBXBuildFile section */
		14255B6128A53F2600866C12 /* UiViewControllerExtension.swift in Sources */ = {isa = PBXBuildFile; fileRef = 14255B6028A53F2600866C12 /* UiViewControllerExtension.swift */; };
		14255B6328A5416100866C12 /* UINavigationControllerExtension.swift in Sources */ = {isa = PBXBuildFile; fileRef = 14255B6228A5416100866C12 /* UINavigationControllerExtension.swift */; };
		1430630128BE4C5300F5CA70 /* GameStartViewController.swift in Sources */ = {isa = PBXBuildFile; fileRef = 1430630028BE4C5300F5CA70 /* GameStartViewController.swift */; };
		1430636C28BEDAC400F5CA70 /* QuimbyMayoral.ttf in Resources */ = {isa = PBXBuildFile; fileRef = 1430636B28BEDAC400F5CA70 /* QuimbyMayoral.ttf */; };
		1430636F28BF89B900F5CA70 /* MiniGamesType.swift in Sources */ = {isa = PBXBuildFile; fileRef = 1430636E28BF89B900F5CA70 /* MiniGamesType.swift */; };
		146C227728AD1E4A006ED094 /* MazeType.swift in Sources */ = {isa = PBXBuildFile; fileRef = 146C227628AD1E4A006ED094 /* MazeType.swift */; };
		14DFA3F728AFC377007DB40D /* MazeDelegate.swift in Sources */ = {isa = PBXBuildFile; fileRef = 14DFA3F628AFC377007DB40D /* MazeDelegate.swift */; };
		14EC9D5628AA836100D96910 /* CGPointVector+Extensions.swift in Sources */ = {isa = PBXBuildFile; fileRef = 14EC9D5328AA836100D96910 /* CGPointVector+Extensions.swift */; };
		14EC9D5728AA836100D96910 /* SKNode+Extensions.swift in Sources */ = {isa = PBXBuildFile; fileRef = 14EC9D5428AA836100D96910 /* SKNode+Extensions.swift */; };
		14EC9D5828AA836100D96910 /* SKScene+Extensions.swift in Sources */ = {isa = PBXBuildFile; fileRef = 14EC9D5528AA836100D96910 /* SKScene+Extensions.swift */; };
		14EC9D5B28AA83F400D96910 /* MazeScene.swift in Sources */ = {isa = PBXBuildFile; fileRef = 14EC9D5A28AA83F400D96910 /* MazeScene.swift */; };
		14EC9D6928AA841900D96910 /* MazeTileTypes.swift in Sources */ = {isa = PBXBuildFile; fileRef = 14EC9D6128AA841900D96910 /* MazeTileTypes.swift */; };
		14EC9D6A28AA841900D96910 /* GrowingTree.swift in Sources */ = {isa = PBXBuildFile; fileRef = 14EC9D6228AA841900D96910 /* GrowingTree.swift */; };
		14EC9D6B28AA841900D96910 /* MazeTile.swift in Sources */ = {isa = PBXBuildFile; fileRef = 14EC9D6328AA841900D96910 /* MazeTile.swift */; };
		14EC9D6C28AA841900D96910 /* WallEnums.swift in Sources */ = {isa = PBXBuildFile; fileRef = 14EC9D6428AA841900D96910 /* WallEnums.swift */; };
		14EC9D6D28AA841900D96910 /* Maze.swift in Sources */ = {isa = PBXBuildFile; fileRef = 14EC9D6528AA841900D96910 /* Maze.swift */; };
		14EC9D6E28AA841900D96910 /* MazeTileStatus.swift in Sources */ = {isa = PBXBuildFile; fileRef = 14EC9D6628AA841900D96910 /* MazeTileStatus.swift */; };
		14EC9D7028AA842400D96910 /* CollisionMasks.swift in Sources */ = {isa = PBXBuildFile; fileRef = 14EC9D6F28AA842400D96910 /* CollisionMasks.swift */; };
		14EC9D7228AA843000D96910 /* GameConstants.swift in Sources */ = {isa = PBXBuildFile; fileRef = 14EC9D7128AA843000D96910 /* GameConstants.swift */; };
		14EC9D7528AA847900D96910 /* Actions.sks in Resources */ = {isa = PBXBuildFile; fileRef = 14EC9D7328AA847900D96910 /* Actions.sks */; };
		14EC9D7628AA847900D96910 /* MazeScene.sks in Resources */ = {isa = PBXBuildFile; fileRef = 14EC9D7428AA847900D96910 /* MazeScene.sks */; };
		4BBE66B3283B22F7002E91F6 /* AmethystShine.atlas in Resources */ = {isa = PBXBuildFile; fileRef = 4BBE66B2283B22F7002E91F6 /* AmethystShine.atlas */; };
		4BBE66B9283B235C002E91F6 /* PearlShine.atlas in Resources */ = {isa = PBXBuildFile; fileRef = 4BBE66B8283B235C002E91F6 /* PearlShine.atlas */; };
		4BBE66BC283B2380002E91F6 /* RubyShine.atlas in Resources */ = {isa = PBXBuildFile; fileRef = 4BBE66BB283B2380002E91F6 /* RubyShine.atlas */; };
		4BBE66BE283B2393002E91F6 /* SaphireShine.atlas in Resources */ = {isa = PBXBuildFile; fileRef = 4BBE66BD283B2393002E91F6 /* SaphireShine.atlas */; };
		4BBE66C0283B2901002E91F6 /* DiamondShine.atlas in Resources */ = {isa = PBXBuildFile; fileRef = 4BBE66BF283B2901002E91F6 /* DiamondShine.atlas */; };
		4BC39514282A96B900FE775C /* AppDelegate.swift in Sources */ = {isa = PBXBuildFile; fileRef = 4BC39513282A96B900FE775C /* AppDelegate.swift */; };
		4BC39516282A96B900FE775C /* PolishCrystal.sks in Resources */ = {isa = PBXBuildFile; fileRef = 4BC39515282A96B900FE775C /* PolishCrystal.sks */; };
		4BC3951A282A96B900FE775C /* PolishCrystal.swift in Sources */ = {isa = PBXBuildFile; fileRef = 4BC39519282A96B900FE775C /* PolishCrystal.swift */; };
		4BC3951C282A96B900FE775C /* GameViewController.swift in Sources */ = {isa = PBXBuildFile; fileRef = 4BC3951B282A96B900FE775C /* GameViewController.swift */; };
		4BC39521282A96BA00FE775C /* Assets.xcassets in Resources */ = {isa = PBXBuildFile; fileRef = 4BC39520282A96BA00FE775C /* Assets.xcassets */; };
		4BC39524282A96BA00FE775C /* LaunchScreen.storyboard in Resources */ = {isa = PBXBuildFile; fileRef = 4BC39522282A96BA00FE775C /* LaunchScreen.storyboard */; };
		4BC63D2A2831E22F001F6F7D /* shine.atlas in Resources */ = {isa = PBXBuildFile; fileRef = 4BC63D292831E22F001F6F7D /* shine.atlas */; };
		75824BEC28A14ADA0074FDE6 /* GameSelectViewController.swift in Sources */ = {isa = PBXBuildFile; fileRef = 75824BEB28A14ADA0074FDE6 /* GameSelectViewController.swift */; };
		75824BEF28A289F80074FDE6 /* SnapKit in Frameworks */ = {isa = PBXBuildFile; productRef = 75824BEE28A289F80074FDE6 /* SnapKit */; };
		75882BAD28AA8B00005BD3B6 /* Crystal.swift in Sources */ = {isa = PBXBuildFile; fileRef = 75882BAC28AA8B00005BD3B6 /* Crystal.swift */; };
		75882BB028ABCCB8005BD3B6 /* TooltipManager.swift in Sources */ = {isa = PBXBuildFile; fileRef = 75882BAF28ABCCB8005BD3B6 /* TooltipManager.swift */; };
		75882BB228ABDC35005BD3B6 /* HapticsManager.swift in Sources */ = {isa = PBXBuildFile; fileRef = 75882BB128ABDC35005BD3B6 /* HapticsManager.swift */; };
		75882BB428ABDC6E005BD3B6 /* CoreHapticsManager.swift in Sources */ = {isa = PBXBuildFile; fileRef = 75882BB328ABDC6E005BD3B6 /* CoreHapticsManager.swift */; };
/* End PBXBuildFile section */

/* Begin PBXCopyFilesBuildPhase section */
		75824BF328A28DA60074FDE6 /* Embed Frameworks */ = {
			isa = PBXCopyFilesBuildPhase;
			buildActionMask = 2147483647;
			dstPath = "";
			dstSubfolderSpec = 10;
			files = (
			);
			name = "Embed Frameworks";
			runOnlyForDeploymentPostprocessing = 0;
		};
/* End PBXCopyFilesBuildPhase section */

/* Begin PBXFileReference section */
		14255B6028A53F2600866C12 /* UiViewControllerExtension.swift */ = {isa = PBXFileReference; lastKnownFileType = sourcecode.swift; path = UiViewControllerExtension.swift; sourceTree = "<group>"; };
		14255B6228A5416100866C12 /* UINavigationControllerExtension.swift */ = {isa = PBXFileReference; lastKnownFileType = sourcecode.swift; path = UINavigationControllerExtension.swift; sourceTree = "<group>"; };
		1430630028BE4C5300F5CA70 /* GameStartViewController.swift */ = {isa = PBXFileReference; lastKnownFileType = sourcecode.swift; path = GameStartViewController.swift; sourceTree = "<group>"; };
		1430636B28BEDAC400F5CA70 /* QuimbyMayoral.ttf */ = {isa = PBXFileReference; lastKnownFileType = file; path = QuimbyMayoral.ttf; sourceTree = "<group>"; };
		1430636D28BEDAE800F5CA70 /* Info.plist */ = {isa = PBXFileReference; lastKnownFileType = text.plist; path = Info.plist; sourceTree = "<group>"; };
		1430636E28BF89B900F5CA70 /* MiniGamesType.swift */ = {isa = PBXFileReference; lastKnownFileType = sourcecode.swift; path = MiniGamesType.swift; sourceTree = "<group>"; };
		146C227628AD1E4A006ED094 /* MazeType.swift */ = {isa = PBXFileReference; lastKnownFileType = sourcecode.swift; path = MazeType.swift; sourceTree = "<group>"; };
		14DFA3F628AFC377007DB40D /* MazeDelegate.swift */ = {isa = PBXFileReference; lastKnownFileType = sourcecode.swift; path = MazeDelegate.swift; sourceTree = "<group>"; };
		14EC9D5328AA836100D96910 /* CGPointVector+Extensions.swift */ = {isa = PBXFileReference; fileEncoding = 4; lastKnownFileType = sourcecode.swift; path = "CGPointVector+Extensions.swift"; sourceTree = "<group>"; };
		14EC9D5428AA836100D96910 /* SKNode+Extensions.swift */ = {isa = PBXFileReference; fileEncoding = 4; lastKnownFileType = sourcecode.swift; path = "SKNode+Extensions.swift"; sourceTree = "<group>"; };
		14EC9D5528AA836100D96910 /* SKScene+Extensions.swift */ = {isa = PBXFileReference; fileEncoding = 4; lastKnownFileType = sourcecode.swift; path = "SKScene+Extensions.swift"; sourceTree = "<group>"; };
		14EC9D5A28AA83F400D96910 /* MazeScene.swift */ = {isa = PBXFileReference; fileEncoding = 4; lastKnownFileType = sourcecode.swift; path = MazeScene.swift; sourceTree = "<group>"; };
		14EC9D6128AA841900D96910 /* MazeTileTypes.swift */ = {isa = PBXFileReference; fileEncoding = 4; lastKnownFileType = sourcecode.swift; path = MazeTileTypes.swift; sourceTree = "<group>"; };
		14EC9D6228AA841900D96910 /* GrowingTree.swift */ = {isa = PBXFileReference; fileEncoding = 4; lastKnownFileType = sourcecode.swift; path = GrowingTree.swift; sourceTree = "<group>"; };
		14EC9D6328AA841900D96910 /* MazeTile.swift */ = {isa = PBXFileReference; fileEncoding = 4; lastKnownFileType = sourcecode.swift; path = MazeTile.swift; sourceTree = "<group>"; };
		14EC9D6428AA841900D96910 /* WallEnums.swift */ = {isa = PBXFileReference; fileEncoding = 4; lastKnownFileType = sourcecode.swift; path = WallEnums.swift; sourceTree = "<group>"; };
		14EC9D6528AA841900D96910 /* Maze.swift */ = {isa = PBXFileReference; fileEncoding = 4; lastKnownFileType = sourcecode.swift; path = Maze.swift; sourceTree = "<group>"; };
		14EC9D6628AA841900D96910 /* MazeTileStatus.swift */ = {isa = PBXFileReference; fileEncoding = 4; lastKnownFileType = sourcecode.swift; path = MazeTileStatus.swift; sourceTree = "<group>"; };
		14EC9D6F28AA842400D96910 /* CollisionMasks.swift */ = {isa = PBXFileReference; fileEncoding = 4; lastKnownFileType = sourcecode.swift; path = CollisionMasks.swift; sourceTree = "<group>"; };
		14EC9D7128AA843000D96910 /* GameConstants.swift */ = {isa = PBXFileReference; fileEncoding = 4; lastKnownFileType = sourcecode.swift; path = GameConstants.swift; sourceTree = "<group>"; };
		14EC9D7328AA847900D96910 /* Actions.sks */ = {isa = PBXFileReference; lastKnownFileType = file.sks; path = Actions.sks; sourceTree = "<group>"; };
		14EC9D7428AA847900D96910 /* MazeScene.sks */ = {isa = PBXFileReference; lastKnownFileType = file.sks; path = MazeScene.sks; sourceTree = "<group>"; };
		4BBE66B2283B22F7002E91F6 /* AmethystShine.atlas */ = {isa = PBXFileReference; lastKnownFileType = folder.skatlas; path = AmethystShine.atlas; sourceTree = "<group>"; };
		4BBE66B8283B235C002E91F6 /* PearlShine.atlas */ = {isa = PBXFileReference; lastKnownFileType = folder.skatlas; path = PearlShine.atlas; sourceTree = "<group>"; };
		4BBE66BB283B2380002E91F6 /* RubyShine.atlas */ = {isa = PBXFileReference; lastKnownFileType = folder.skatlas; path = RubyShine.atlas; sourceTree = "<group>"; };
		4BBE66BD283B2393002E91F6 /* SaphireShine.atlas */ = {isa = PBXFileReference; lastKnownFileType = folder.skatlas; path = SaphireShine.atlas; sourceTree = "<group>"; };
		4BBE66BF283B2901002E91F6 /* DiamondShine.atlas */ = {isa = PBXFileReference; lastKnownFileType = folder.skatlas; path = DiamondShine.atlas; sourceTree = "<group>"; };
		4BC39510282A96B900FE775C /* minigames.app */ = {isa = PBXFileReference; explicitFileType = wrapper.application; includeInIndex = 0; path = minigames.app; sourceTree = BUILT_PRODUCTS_DIR; };
		4BC39513282A96B900FE775C /* AppDelegate.swift */ = {isa = PBXFileReference; lastKnownFileType = sourcecode.swift; path = AppDelegate.swift; sourceTree = "<group>"; };
		4BC39515282A96B900FE775C /* PolishCrystal.sks */ = {isa = PBXFileReference; lastKnownFileType = file.sks; path = PolishCrystal.sks; sourceTree = "<group>"; };
		4BC39519282A96B900FE775C /* PolishCrystal.swift */ = {isa = PBXFileReference; lastKnownFileType = sourcecode.swift; path = PolishCrystal.swift; sourceTree = "<group>"; };
		4BC3951B282A96B900FE775C /* GameViewController.swift */ = {isa = PBXFileReference; lastKnownFileType = sourcecode.swift; path = GameViewController.swift; sourceTree = "<group>"; };
		4BC39520282A96BA00FE775C /* Assets.xcassets */ = {isa = PBXFileReference; lastKnownFileType = folder.assetcatalog; path = Assets.xcassets; sourceTree = "<group>"; };
		4BC39523282A96BA00FE775C /* Base */ = {isa = PBXFileReference; lastKnownFileType = file.storyboard; name = Base; path = Base.lproj/LaunchScreen.storyboard; sourceTree = "<group>"; };
		4BC63D292831E22F001F6F7D /* shine.atlas */ = {isa = PBXFileReference; lastKnownFileType = folder.skatlas; path = shine.atlas; sourceTree = "<group>"; };
		75824BEB28A14ADA0074FDE6 /* GameSelectViewController.swift */ = {isa = PBXFileReference; lastKnownFileType = sourcecode.swift; path = GameSelectViewController.swift; sourceTree = "<group>"; };
		75882BAC28AA8B00005BD3B6 /* Crystal.swift */ = {isa = PBXFileReference; lastKnownFileType = sourcecode.swift; path = Crystal.swift; sourceTree = "<group>"; };
		75882BAF28ABCCB8005BD3B6 /* TooltipManager.swift */ = {isa = PBXFileReference; lastKnownFileType = sourcecode.swift; path = TooltipManager.swift; sourceTree = "<group>"; };
		75882BB128ABDC35005BD3B6 /* HapticsManager.swift */ = {isa = PBXFileReference; lastKnownFileType = sourcecode.swift; path = HapticsManager.swift; sourceTree = "<group>"; };
		75882BB328ABDC6E005BD3B6 /* CoreHapticsManager.swift */ = {isa = PBXFileReference; lastKnownFileType = sourcecode.swift; path = CoreHapticsManager.swift; sourceTree = "<group>"; };
/* End PBXFileReference section */

/* Begin PBXFrameworksBuildPhase section */
		4BC3950D282A96B900FE775C /* Frameworks */ = {
			isa = PBXFrameworksBuildPhase;
			buildActionMask = 2147483647;
			files = (
				75824BEF28A289F80074FDE6 /* SnapKit in Frameworks */,
			);
			runOnlyForDeploymentPostprocessing = 0;
		};
/* End PBXFrameworksBuildPhase section */

/* Begin PBXGroup section */
		14255B5F28A53F1100866C12 /* Extensions */ = {
			isa = PBXGroup;
			children = (
				14EC9D5328AA836100D96910 /* CGPointVector+Extensions.swift */,
				14EC9D5428AA836100D96910 /* SKNode+Extensions.swift */,
				14EC9D5528AA836100D96910 /* SKScene+Extensions.swift */,
				14255B6028A53F2600866C12 /* UiViewControllerExtension.swift */,
				14255B6228A5416100866C12 /* UINavigationControllerExtension.swift */,
			);
			path = Extensions;
			sourceTree = "<group>";
		};
		1430636A28BEDA9F00F5CA70 /* Fonts */ = {
			isa = PBXGroup;
			children = (
				1430636B28BEDAC400F5CA70 /* QuimbyMayoral.ttf */,
			);
			path = Fonts;
			sourceTree = "<group>";
		};
		14EC9D5928AA83E200D96910 /* Maze */ = {
			isa = PBXGroup;
			children = (
				14EC9D7328AA847900D96910 /* Actions.sks */,
				14EC9D7428AA847900D96910 /* MazeScene.sks */,
				14EC9D5A28AA83F400D96910 /* MazeScene.swift */,
				14EC9D6F28AA842400D96910 /* CollisionMasks.swift */,
				146C227628AD1E4A006ED094 /* MazeType.swift */,
				14EC9D7128AA843000D96910 /* GameConstants.swift */,
				14EC9D5C28AA841900D96910 /* Model */,
				14DFA3F628AFC377007DB40D /* MazeDelegate.swift */,
			);
			path = Maze;
			sourceTree = "<group>";
		};
		14EC9D5C28AA841900D96910 /* Model */ = {
			isa = PBXGroup;
			children = (
				14EC9D6028AA841900D96910 /* Maze */,
			);
			path = Model;
			sourceTree = "<group>";
		};
		14EC9D6028AA841900D96910 /* Maze */ = {
			isa = PBXGroup;
			children = (
				14EC9D6128AA841900D96910 /* MazeTileTypes.swift */,
				14EC9D6228AA841900D96910 /* GrowingTree.swift */,
				14EC9D6328AA841900D96910 /* MazeTile.swift */,
				14EC9D6428AA841900D96910 /* WallEnums.swift */,
				14EC9D6528AA841900D96910 /* Maze.swift */,
				14EC9D6628AA841900D96910 /* MazeTileStatus.swift */,
			);
			path = Maze;
			sourceTree = "<group>";
		};
		4BC39507282A96B900FE775C = {
			isa = PBXGroup;
			children = (
				4BC39512282A96B900FE775C /* minigames */,
				4BC39511282A96B900FE775C /* Products */,
			);
			sourceTree = "<group>";
		};
		4BC39511282A96B900FE775C /* Products */ = {
			isa = PBXGroup;
			children = (
				4BC39510282A96B900FE775C /* minigames.app */,
			);
			name = Products;
			sourceTree = "<group>";
		};
		4BC39512282A96B900FE775C /* minigames */ = {
			isa = PBXGroup;
			children = (
				1430636D28BEDAE800F5CA70 /* Info.plist */,
				1430636A28BEDA9F00F5CA70 /* Fonts */,
				4BC39513282A96B900FE775C /* AppDelegate.swift */,
				75824BEB28A14ADA0074FDE6 /* GameSelectViewController.swift */,
				4BC3951B282A96B900FE775C /* GameViewController.swift */,
				1430636E28BF89B900F5CA70 /* MiniGamesType.swift */,
				1430630028BE4C5300F5CA70 /* GameStartViewController.swift */,
				75882BAE28AA8CDF005BD3B6 /* Games */,
				75882BB528ABDC9F005BD3B6 /* Utils */,
				14255B5F28A53F1100866C12 /* Extensions */,
				4BC39520282A96BA00FE775C /* Assets.xcassets */,
				4BC39522282A96BA00FE775C /* LaunchScreen.storyboard */,
			);
			path = minigames;
			sourceTree = "<group>";
		};
		75824BEA28A1392F0074FDE6 /* Shines */ = {
			isa = PBXGroup;
			children = (
				4BBE66B2283B22F7002E91F6 /* AmethystShine.atlas */,
				4BBE66BF283B2901002E91F6 /* DiamondShine.atlas */,
				4BBE66B8283B235C002E91F6 /* PearlShine.atlas */,
				4BBE66BB283B2380002E91F6 /* RubyShine.atlas */,
				4BBE66BD283B2393002E91F6 /* SaphireShine.atlas */,
				4BC63D292831E22F001F6F7D /* shine.atlas */,
			);
			path = Shines;
			sourceTree = "<group>";
		};
		75882BAB28AA8AD5005BD3B6 /* Limpar Cristais */ = {
			isa = PBXGroup;
			children = (
				75824BEA28A1392F0074FDE6 /* Shines */,
				4BC39515282A96B900FE775C /* PolishCrystal.sks */,
				4BC39519282A96B900FE775C /* PolishCrystal.swift */,
				75882BAC28AA8B00005BD3B6 /* Crystal.swift */,
			);
			path = "Limpar Cristais";
			sourceTree = "<group>";
		};
		75882BAE28AA8CDF005BD3B6 /* Games */ = {
			isa = PBXGroup;
			children = (
				14EC9D5928AA83E200D96910 /* Maze */,
				75882BAB28AA8AD5005BD3B6 /* Limpar Cristais */,
			);
			path = Games;
			sourceTree = "<group>";
		};
		75882BB528ABDC9F005BD3B6 /* Utils */ = {
			isa = PBXGroup;
			children = (
				75882BAF28ABCCB8005BD3B6 /* TooltipManager.swift */,
				75882BB128ABDC35005BD3B6 /* HapticsManager.swift */,
				75882BB328ABDC6E005BD3B6 /* CoreHapticsManager.swift */,
			);
			path = Utils;
			sourceTree = "<group>";
		};
/* End PBXGroup section */

/* Begin PBXNativeTarget section */
		4BC3950F282A96B900FE775C /* minigames */ = {
			isa = PBXNativeTarget;
			buildConfigurationList = 4BC39527282A96BA00FE775C /* Build configuration list for PBXNativeTarget "minigames" */;
			buildPhases = (
				4BC3950C282A96B900FE775C /* Sources */,
				4BC3950D282A96B900FE775C /* Frameworks */,
				4BC3950E282A96B900FE775C /* Resources */,
				75824BF328A28DA60074FDE6 /* Embed Frameworks */,
			);
			buildRules = (
			);
			dependencies = (
			);
			name = minigames;
			packageProductDependencies = (
				75824BEE28A289F80074FDE6 /* SnapKit */,
			);
			productName = minigames;
			productReference = 4BC39510282A96B900FE775C /* minigames.app */;
			productType = "com.apple.product-type.application";
		};
/* End PBXNativeTarget section */

/* Begin PBXProject section */
		4BC39508282A96B900FE775C /* Project object */ = {
			isa = PBXProject;
			attributes = {
				BuildIndependentTargetsInParallel = 1;
				LastSwiftUpdateCheck = 1330;
				LastUpgradeCheck = 1330;
				TargetAttributes = {
					4BC3950F282A96B900FE775C = {
						CreatedOnToolsVersion = 13.3.1;
					};
				};
			};
			buildConfigurationList = 4BC3950B282A96B900FE775C /* Build configuration list for PBXProject "minigames" */;
			compatibilityVersion = "Xcode 13.0";
			developmentRegion = en;
			hasScannedForEncodings = 0;
			knownRegions = (
				en,
				Base,
			);
			mainGroup = 4BC39507282A96B900FE775C;
			packageReferences = (
				75824BED28A289F70074FDE6 /* XCRemoteSwiftPackageReference "SnapKit" */,
			);
			productRefGroup = 4BC39511282A96B900FE775C /* Products */;
			projectDirPath = "";
			projectRoot = "";
			targets = (
				4BC3950F282A96B900FE775C /* minigames */,
			);
		};
/* End PBXProject section */

/* Begin PBXResourcesBuildPhase section */
		4BC3950E282A96B900FE775C /* Resources */ = {
			isa = PBXResourcesBuildPhase;
			buildActionMask = 2147483647;
			files = (
				4BBE66C0283B2901002E91F6 /* DiamondShine.atlas in Resources */,
				4BC63D2A2831E22F001F6F7D /* shine.atlas in Resources */,
				4BBE66B9283B235C002E91F6 /* PearlShine.atlas in Resources */,
				14EC9D7628AA847900D96910 /* MazeScene.sks in Resources */,
				4BC39516282A96B900FE775C /* PolishCrystal.sks in Resources */,
				4BBE66BC283B2380002E91F6 /* RubyShine.atlas in Resources */,
				4BBE66B3283B22F7002E91F6 /* AmethystShine.atlas in Resources */,
				4BBE66BE283B2393002E91F6 /* SaphireShine.atlas in Resources */,
				4BC39521282A96BA00FE775C /* Assets.xcassets in Resources */,
				1430636C28BEDAC400F5CA70 /* QuimbyMayoral.ttf in Resources */,
				4BC39524282A96BA00FE775C /* LaunchScreen.storyboard in Resources */,
				14EC9D7528AA847900D96910 /* Actions.sks in Resources */,
			);
			runOnlyForDeploymentPostprocessing = 0;
		};
/* End PBXResourcesBuildPhase section */

/* Begin PBXSourcesBuildPhase section */
		4BC3950C282A96B900FE775C /* Sources */ = {
			isa = PBXSourcesBuildPhase;
			buildActionMask = 2147483647;
			files = (
				1430630128BE4C5300F5CA70 /* GameStartViewController.swift in Sources */,
				14EC9D7028AA842400D96910 /* CollisionMasks.swift in Sources */,
				14EC9D6C28AA841900D96910 /* WallEnums.swift in Sources */,
				14EC9D6928AA841900D96910 /* MazeTileTypes.swift in Sources */,
				14EC9D6A28AA841900D96910 /* GrowingTree.swift in Sources */,
				14EC9D5B28AA83F400D96910 /* MazeScene.swift in Sources */,
				14255B6128A53F2600866C12 /* UiViewControllerExtension.swift in Sources */,
				14EC9D6D28AA841900D96910 /* Maze.swift in Sources */,
				14EC9D7228AA843000D96910 /* GameConstants.swift in Sources */,
				14EC9D6E28AA841900D96910 /* MazeTileStatus.swift in Sources */,
				14EC9D5728AA836100D96910 /* SKNode+Extensions.swift in Sources */,
				75882BB228ABDC35005BD3B6 /* HapticsManager.swift in Sources */,
				4BC3951A282A96B900FE775C /* PolishCrystal.swift in Sources */,
				14EC9D5628AA836100D96910 /* CGPointVector+Extensions.swift in Sources */,
				4BC3951C282A96B900FE775C /* GameViewController.swift in Sources */,
				14255B6328A5416100866C12 /* UINavigationControllerExtension.swift in Sources */,
				75824BEC28A14ADA0074FDE6 /* GameSelectViewController.swift in Sources */,
				146C227728AD1E4A006ED094 /* MazeType.swift in Sources */,
				14EC9D6B28AA841900D96910 /* MazeTile.swift in Sources */,
				4BC39514282A96B900FE775C /* AppDelegate.swift in Sources */,
				14EC9D5828AA836100D96910 /* SKScene+Extensions.swift in Sources */,
				75882BB028ABCCB8005BD3B6 /* TooltipManager.swift in Sources */,
				14DFA3F728AFC377007DB40D /* MazeDelegate.swift in Sources */,
				1430636F28BF89B900F5CA70 /* MiniGamesType.swift in Sources */,
				75882BAD28AA8B00005BD3B6 /* Crystal.swift in Sources */,
				75882BB428ABDC6E005BD3B6 /* CoreHapticsManager.swift in Sources */,
			);
			runOnlyForDeploymentPostprocessing = 0;
		};
/* End PBXSourcesBuildPhase section */

/* Begin PBXVariantGroup section */
		4BC39522282A96BA00FE775C /* LaunchScreen.storyboard */ = {
			isa = PBXVariantGroup;
			children = (
				4BC39523282A96BA00FE775C /* Base */,
			);
			name = LaunchScreen.storyboard;
			sourceTree = "<group>";
		};
/* End PBXVariantGroup section */

/* Begin XCBuildConfiguration section */
		4BC39525282A96BA00FE775C /* Debug */ = {
			isa = XCBuildConfiguration;
			buildSettings = {
				ALWAYS_SEARCH_USER_PATHS = NO;
				CLANG_ANALYZER_NONNULL = YES;
				CLANG_ANALYZER_NUMBER_OBJECT_CONVERSION = YES_AGGRESSIVE;
				CLANG_CXX_LANGUAGE_STANDARD = "gnu++17";
				CLANG_ENABLE_MODULES = YES;
				CLANG_ENABLE_OBJC_ARC = YES;
				CLANG_ENABLE_OBJC_WEAK = YES;
				CLANG_WARN_BLOCK_CAPTURE_AUTORELEASING = YES;
				CLANG_WARN_BOOL_CONVERSION = YES;
				CLANG_WARN_COMMA = YES;
				CLANG_WARN_CONSTANT_CONVERSION = YES;
				CLANG_WARN_DEPRECATED_OBJC_IMPLEMENTATIONS = YES;
				CLANG_WARN_DIRECT_OBJC_ISA_USAGE = YES_ERROR;
				CLANG_WARN_DOCUMENTATION_COMMENTS = YES;
				CLANG_WARN_EMPTY_BODY = YES;
				CLANG_WARN_ENUM_CONVERSION = YES;
				CLANG_WARN_INFINITE_RECURSION = YES;
				CLANG_WARN_INT_CONVERSION = YES;
				CLANG_WARN_NON_LITERAL_NULL_CONVERSION = YES;
				CLANG_WARN_OBJC_IMPLICIT_RETAIN_SELF = YES;
				CLANG_WARN_OBJC_LITERAL_CONVERSION = YES;
				CLANG_WARN_OBJC_ROOT_CLASS = YES_ERROR;
				CLANG_WARN_QUOTED_INCLUDE_IN_FRAMEWORK_HEADER = YES;
				CLANG_WARN_RANGE_LOOP_ANALYSIS = YES;
				CLANG_WARN_STRICT_PROTOTYPES = YES;
				CLANG_WARN_SUSPICIOUS_MOVE = YES;
				CLANG_WARN_UNGUARDED_AVAILABILITY = YES_AGGRESSIVE;
				CLANG_WARN_UNREACHABLE_CODE = YES;
				CLANG_WARN__DUPLICATE_METHOD_MATCH = YES;
				COPY_PHASE_STRIP = NO;
				DEBUG_INFORMATION_FORMAT = dwarf;
				ENABLE_STRICT_OBJC_MSGSEND = YES;
				ENABLE_TESTABILITY = YES;
				GCC_C_LANGUAGE_STANDARD = gnu11;
				GCC_DYNAMIC_NO_PIC = NO;
				GCC_NO_COMMON_BLOCKS = YES;
				GCC_OPTIMIZATION_LEVEL = 0;
				GCC_PREPROCESSOR_DEFINITIONS = (
					"DEBUG=1",
					"$(inherited)",
				);
				GCC_WARN_64_TO_32_BIT_CONVERSION = YES;
				GCC_WARN_ABOUT_RETURN_TYPE = YES_ERROR;
				GCC_WARN_UNDECLARED_SELECTOR = YES;
				GCC_WARN_UNINITIALIZED_AUTOS = YES_AGGRESSIVE;
				GCC_WARN_UNUSED_FUNCTION = YES;
				GCC_WARN_UNUSED_VARIABLE = YES;
				IPHONEOS_DEPLOYMENT_TARGET = 15.4;
				MTL_ENABLE_DEBUG_INFO = INCLUDE_SOURCE;
				MTL_FAST_MATH = YES;
				ONLY_ACTIVE_ARCH = YES;
				SDKROOT = iphoneos;
				SWIFT_ACTIVE_COMPILATION_CONDITIONS = DEBUG;
				SWIFT_OPTIMIZATION_LEVEL = "-Onone";
			};
			name = Debug;
		};
		4BC39526282A96BA00FE775C /* Release */ = {
			isa = XCBuildConfiguration;
			buildSettings = {
				ALWAYS_SEARCH_USER_PATHS = NO;
				CLANG_ANALYZER_NONNULL = YES;
				CLANG_ANALYZER_NUMBER_OBJECT_CONVERSION = YES_AGGRESSIVE;
				CLANG_CXX_LANGUAGE_STANDARD = "gnu++17";
				CLANG_ENABLE_MODULES = YES;
				CLANG_ENABLE_OBJC_ARC = YES;
				CLANG_ENABLE_OBJC_WEAK = YES;
				CLANG_WARN_BLOCK_CAPTURE_AUTORELEASING = YES;
				CLANG_WARN_BOOL_CONVERSION = YES;
				CLANG_WARN_COMMA = YES;
				CLANG_WARN_CONSTANT_CONVERSION = YES;
				CLANG_WARN_DEPRECATED_OBJC_IMPLEMENTATIONS = YES;
				CLANG_WARN_DIRECT_OBJC_ISA_USAGE = YES_ERROR;
				CLANG_WARN_DOCUMENTATION_COMMENTS = YES;
				CLANG_WARN_EMPTY_BODY = YES;
				CLANG_WARN_ENUM_CONVERSION = YES;
				CLANG_WARN_INFINITE_RECURSION = YES;
				CLANG_WARN_INT_CONVERSION = YES;
				CLANG_WARN_NON_LITERAL_NULL_CONVERSION = YES;
				CLANG_WARN_OBJC_IMPLICIT_RETAIN_SELF = YES;
				CLANG_WARN_OBJC_LITERAL_CONVERSION = YES;
				CLANG_WARN_OBJC_ROOT_CLASS = YES_ERROR;
				CLANG_WARN_QUOTED_INCLUDE_IN_FRAMEWORK_HEADER = YES;
				CLANG_WARN_RANGE_LOOP_ANALYSIS = YES;
				CLANG_WARN_STRICT_PROTOTYPES = YES;
				CLANG_WARN_SUSPICIOUS_MOVE = YES;
				CLANG_WARN_UNGUARDED_AVAILABILITY = YES_AGGRESSIVE;
				CLANG_WARN_UNREACHABLE_CODE = YES;
				CLANG_WARN__DUPLICATE_METHOD_MATCH = YES;
				COPY_PHASE_STRIP = NO;
				DEBUG_INFORMATION_FORMAT = "dwarf-with-dsym";
				ENABLE_NS_ASSERTIONS = NO;
				ENABLE_STRICT_OBJC_MSGSEND = YES;
				GCC_C_LANGUAGE_STANDARD = gnu11;
				GCC_NO_COMMON_BLOCKS = YES;
				GCC_WARN_64_TO_32_BIT_CONVERSION = YES;
				GCC_WARN_ABOUT_RETURN_TYPE = YES_ERROR;
				GCC_WARN_UNDECLARED_SELECTOR = YES;
				GCC_WARN_UNINITIALIZED_AUTOS = YES_AGGRESSIVE;
				GCC_WARN_UNUSED_FUNCTION = YES;
				GCC_WARN_UNUSED_VARIABLE = YES;
				IPHONEOS_DEPLOYMENT_TARGET = 15.4;
				MTL_ENABLE_DEBUG_INFO = NO;
				MTL_FAST_MATH = YES;
				SDKROOT = iphoneos;
				SWIFT_COMPILATION_MODE = wholemodule;
				SWIFT_OPTIMIZATION_LEVEL = "-O";
				VALIDATE_PRODUCT = YES;
			};
			name = Release;
		};
		4BC39528282A96BA00FE775C /* Debug */ = {
			isa = XCBuildConfiguration;
			buildSettings = {
				ASSETCATALOG_COMPILER_APPICON_NAME = AppIcon;
				ASSETCATALOG_COMPILER_GLOBAL_ACCENT_COLOR_NAME = AccentColor;
				CODE_SIGN_STYLE = Automatic;
				CURRENT_PROJECT_VERSION = 2;
				DEVELOPMENT_TEAM = 4957F54262;
				GENERATE_INFOPLIST_FILE = YES;
				INFOPLIST_FILE = minigames/Info.plist;
				INFOPLIST_KEY_UIApplicationSupportsIndirectInputEvents = YES;
				INFOPLIST_KEY_UILaunchStoryboardName = LaunchScreen;
				INFOPLIST_KEY_UIStatusBarHidden = YES;
				INFOPLIST_KEY_UISupportedInterfaceOrientations_iPhone = UIInterfaceOrientationPortrait;
				LD_RUNPATH_SEARCH_PATHS = (
					"$(inherited)",
					"@executable_path/Frameworks",
				);
				MARKETING_VERSION = 1.0;
				PRODUCT_BUNDLE_IDENTIFIER = dev.eros.tuqui.studios.minigames;
				PRODUCT_NAME = "$(TARGET_NAME)";
				SWIFT_EMIT_LOC_STRINGS = YES;
				SWIFT_VERSION = 5.0;
				TARGETED_DEVICE_FAMILY = 1;
			};
			name = Debug;
		};
		4BC39529282A96BA00FE775C /* Release */ = {
			isa = XCBuildConfiguration;
			buildSettings = {
				ASSETCATALOG_COMPILER_APPICON_NAME = AppIcon;
				ASSETCATALOG_COMPILER_GLOBAL_ACCENT_COLOR_NAME = AccentColor;
				CODE_SIGN_STYLE = Automatic;
				CURRENT_PROJECT_VERSION = 2;
				DEVELOPMENT_TEAM = 4957F54262;
				GENERATE_INFOPLIST_FILE = YES;
				INFOPLIST_FILE = minigames/Info.plist;
				INFOPLIST_KEY_UIApplicationSupportsIndirectInputEvents = YES;
				INFOPLIST_KEY_UILaunchStoryboardName = LaunchScreen;
				INFOPLIST_KEY_UIStatusBarHidden = YES;
				INFOPLIST_KEY_UISupportedInterfaceOrientations_iPhone = UIInterfaceOrientationPortrait;
				LD_RUNPATH_SEARCH_PATHS = (
					"$(inherited)",
					"@executable_path/Frameworks",
				);
				MARKETING_VERSION = 1.0;
				PRODUCT_BUNDLE_IDENTIFIER = dev.eros.tuqui.studios.minigames;
				PRODUCT_NAME = "$(TARGET_NAME)";
				SWIFT_EMIT_LOC_STRINGS = YES;
				SWIFT_VERSION = 5.0;
				TARGETED_DEVICE_FAMILY = 1;
			};
			name = Release;
		};
/* End XCBuildConfiguration section */

/* Begin XCConfigurationList section */
		4BC3950B282A96B900FE775C /* Build configuration list for PBXProject "minigames" */ = {
			isa = XCConfigurationList;
			buildConfigurations = (
				4BC39525282A96BA00FE775C /* Debug */,
				4BC39526282A96BA00FE775C /* Release */,
			);
			defaultConfigurationIsVisible = 0;
			defaultConfigurationName = Release;
		};
		4BC39527282A96BA00FE775C /* Build configuration list for PBXNativeTarget "minigames" */ = {
			isa = XCConfigurationList;
			buildConfigurations = (
				4BC39528282A96BA00FE775C /* Debug */,
				4BC39529282A96BA00FE775C /* Release */,
			);
			defaultConfigurationIsVisible = 0;
			defaultConfigurationName = Release;
		};
/* End XCConfigurationList section */

/* Begin XCRemoteSwiftPackageReference section */
		75824BED28A289F70074FDE6 /* XCRemoteSwiftPackageReference "SnapKit" */ = {
			isa = XCRemoteSwiftPackageReference;
			repositoryURL = "https://github.com/SnapKit/SnapKit";
			requirement = {
				kind = exactVersion;
				version = 5.6.0;
			};
		};
/* End XCRemoteSwiftPackageReference section */

/* Begin XCSwiftPackageProductDependency section */
		75824BEE28A289F80074FDE6 /* SnapKit */ = {
			isa = XCSwiftPackageProductDependency;
			package = 75824BED28A289F70074FDE6 /* XCRemoteSwiftPackageReference "SnapKit" */;
			productName = SnapKit;
		};
/* End XCSwiftPackageProductDependency section */
	};
	rootObject = 4BC39508282A96B900FE775C /* Project object */;
}
